{
  "nodes": {
    "actor-typeahead-src": {
      "flake": false,
      "locked": {
        "lastModified": 1762835797,
        "narHash": "sha256-heizoWUKDdar6ymfZTnj3ytcEv/L4d4fzSmtr0HlXsQ=",
        "ref": "refs/heads/main",
        "rev": "677fe7f743050a4e7f09d4a6f87bbf1325a06f6b",
        "revCount": 6,
        "type": "git",
        "url": "https://tangled.org/@jakelazaroff.com/actor-typeahead"
      },
      "original": {
        "type": "git",
        "url": "https://tangled.org/@jakelazaroff.com/actor-typeahead"
      }
    },
    "agenix": {
      "inputs": {
        "darwin": "darwin",
        "home-manager": "home-manager",
        "nixpkgs": [
          "nixpkgs"
        ],
        "systems": "systems"
      },
      "locked": {
        "lastModified": 1770165109,
        "narHash": "sha256-9VnK6Oqai65puVJ4WYtCTvlJeXxMzAp/69HhQuTdl/I=",
        "owner": "ryantm",
        "repo": "agenix",
        "rev": "b027ee29d959fda4b60b57566d64c98a202e0feb",
        "type": "github"
      },
      "original": {
        "owner": "ryantm",
        "repo": "agenix",
        "type": "github"
      }
    },
    "base16": {
      "inputs": {
        "fromYaml": "fromYaml"
      },
      "locked": {
        "lastModified": 1755819240,
        "narHash": "sha256-qcMhnL7aGAuFuutH4rq9fvAhCpJWVHLcHVZLtPctPlo=",
        "owner": "SenchoPens",
        "repo": "base16.nix",
        "rev": "75ed5e5e3fce37df22e49125181fa37899c3ccd6",
        "type": "github"
      },
      "original": {
        "owner": "SenchoPens",
        "repo": "base16.nix",
        "type": "github"
      }
    },
    "base16-fish": {
      "flake": false,
      "locked": {
        "lastModified": 1765809053,
        "narHash": "sha256-XCUQLoLfBJ8saWms2HCIj4NEN+xNsWBlU1NrEPcQG4s=",
        "owner": "tomyun",
        "repo": "base16-fish",
        "rev": "86cbea4dca62e08fb7fd83a70e96472f92574782",
        "type": "github"
      },
      "original": {
        "owner": "tomyun",
        "repo": "base16-fish",
        "rev": "86cbea4dca62e08fb7fd83a70e96472f92574782",
        "type": "github"
      }
    },
    "base16-helix": {
      "flake": false,
      "locked": {
        "lastModified": 1776754714,
        "narHash": "sha256-E3OAK27smtATTmX45uoTSRsVD+Y+ZiVVfgM/tjpbtYg=",
        "owner": "tinted-theming",
        "repo": "base16-helix",
        "rev": "4d508123037e7851ad36ebf7d9c48b0e9e1eb581",
        "type": "github"
      },
      "original": {
        "owner": "tinted-theming",
        "repo": "base16-helix",
        "type": "github"
      }
    },
    "base16-vim": {
      "flake": false,
      "locked": {
        "lastModified": 1732806396,
        "narHash": "sha256-e0bpPySdJf0F68Ndanwm+KWHgQiZ0s7liLhvJSWDNsA=",
        "owner": "tinted-theming",
        "repo": "base16-vim",
        "rev": "577fe8125d74ff456cf942c733a85d769afe58b7",
        "type": "github"
      },
      "original": {
        "owner": "tinted-theming",
        "repo": "base16-vim",
        "rev": "577fe8125d74ff456cf942c733a85d769afe58b7",
        "type": "github"
      }
    },
    "catppuccin": {
      "inputs": {
        "nixpkgs": [
          "nixpkgs"
        ]
      },
      "locked": {
        "lastModified": 1789553013,
        "narHash": "sha256-W5dvgFOuVs24X3G5tUb8C2IHU7ICXNvyGPiWWFjfbuo=",
        "owner": "catppuccin",
        "repo": "nix",
        "rev": "89b3eacf59d6b5eefbc2d69c3a4eb5aaf66d63bc",
        "type": "github"
      },
      "original": {
        "owner": "catppuccin",
        "repo": "nix",
        "type": "github"
      }
    },
    "darwin": {
      "inputs": {
        "nixpkgs": [
          "agenix",
          "nixpkgs"
        ]
      },
      "locked": {
        "lastModified": 1744478979,
        "narHash": "sha256-dyN+teG9G82G+m+PX/aSAagkC+vUv0SgUw3XkPhQodQ=",
        "owner": "lnl7",
        "repo": "nix-darwin",
        "rev": "43975d782b418ebf4969e9ccba82466728c2851b",
        "type": "github"
      },
      "original": {
        "owner": "lnl7",
        "ref": "master",
        "repo": "nix-darwin",
        "type": "github"
      }
    },
    "disko": {
      "inputs": {
        "nixpkgs": [
          "nixpkgs"
        ]
      },
      "locked": {
        "lastModified": 1789770686,
        "narHash": "sha256-uZkBR7yHdIKUFB5SZdfgh1qkGfI3XmYmI/lTiquxbck=",
        "owner": "nix-community",
        "repo": "disko",
        "rev": "725ea35e410ad83be4931d1bff7e090eacaf3563",
        "type": "github"
      },
      "original": {
        "owner": "nix-community",
        "repo": "disko",
        "type": "github"
      }
    },
    "fenix": {
      "inputs": {
        "nixpkgs": [
          "tangled",
          "nixpkgs"
        ],
        "rust-analyzer-src": "rust-analyzer-src"
      },
      "locked": {
        "lastModified": 1780397302,
        "narHash": "sha256-SQmrkj17xBdvc8lVMbsY7pIJCjKftgNh42R1keP3dLQ=",
        "owner": "nix-community",
        "repo": "fenix",
        "rev": "f6670530f53e69cc284f7aef818eb0f08fe81905",
        "type": "github"
      },
      "original": {
        "owner": "nix-community",
        "repo": "fenix",
        "type": "github"
      }
    },
    "fetch-tangled": {
      "inputs": {
        "nixpkgs": [
          "tangled",
          "nixpkgs"
        ]
      },
      "locked": {
        "lastModified": 1779479671,
        "narHash": "sha256-8PR9nZnK0Fn4gDOikz+3sLdsEJYnKC3gaunBs4N+V9Q=",
        "ref": "refs/heads/main",
        "rev": "2e3744d31b990248f277d16a11ef81753b366f0f",
        "revCount": 22,
        "type": "git",
        "url": "https://tangled.org/isabelroses.com/fetch-tangled"
      },
      "original": {
        "type": "git",
        "url": "https://tangled.org/isabelroses.com/fetch-tangled"
      }
    },
    "firefox-addons": {
      "inputs": {
        "nixpkgs": [
          "nixpkgs"
        ]
      },
      "locked": {
        "dir": "pkgs/firefox-addons",
        "lastModified": 1789972051,
        "narHash": "sha256-VFc9vf3BZLme6yLisNtBNG5iTOGOAQSj9MiVIUcjpbg=",
        "owner": "rycee",
        "repo": "nur-expressions",
        "rev": "66f315df78845e2d6c741d9c531c09a77ac9ca6d",
        "type": "gitlab"
      },
      "original": {
        "dir": "pkgs/firefox-addons",
        "owner": "rycee",
        "repo": "nur-expressions",
        "type": "gitlab"
      }
    },
    "firefox-gnome-theme": {
      "flake": false,
      "locked": {
        "lastModified": 1783570805,
        "narHash": "sha256-ptl5aRlCv9/uRSv2u8Hq8UFVFeZ6Q/bT049bpqNgc3w=",
        "owner": "rafaelmardojai",
        "repo": "firefox-gnome-theme",
        "rev": "5602ed62d638142c1ab31dccd01dfbfb28841225",
        "type": "github"
      },
      "original": {
        "owner": "rafaelmardojai",
        "repo": "firefox-gnome-theme",
        "type": "github"
      }
    },
    "flake-compat": {
      "flake": false,
      "locked": {
        "lastModified": 1767039857,
        "narHash": "sha256-vNpUSpF5Nuw8xvDLj2KCwwksIbjua2LZCqhV1LNRDns=",
        "owner": "NixOS",
        "repo": "flake-compat",
        "rev": "5edf11c44bc78a0d334f6334cdaf7d60d732daab",
        "type": "github"
      },
      "original": {
        "owner": "NixOS",
        "repo": "flake-compat",
        "type": "github"
      }
    },
    "flake-compat_2": {
      "flake": false,
      "locked": {
        "lastModified": 1767039857,
        "narHash": "sha256-vNpUSpF5Nuw8xvDLj2KCwwksIbjua2LZCqhV1LNRDns=",
        "owner": "NixOS",
        "repo": "flake-compat",
        "rev": "5edf11c44bc78a0d334f6334cdaf7d60d732daab",
        "type": "github"
      },
      "original": {
        "owner": "NixOS",
        "repo": "flake-compat",
        "type": "github"
      }
    },
    "flake-compat_3": {
      "flake": false,
      "locked": {
        "lastModified": 1751685974,
        "narHash": "sha256-NKw96t+BgHIYzHUjkTK95FqYRVKB8DHpVhefWSz/kTw=",
        "rev": "549f2762aebeff29a2e5ece7a7dc0f955281a1d1",
        "type": "tarball",
        "url": "https://git.lix.systems/api/v1/repos/lix-project/flake-compat/archive/549f2762aebeff29a2e5ece7a7dc0f955281a1d1.tar.gz?rev=549f2762aebeff29a2e5ece7a7dc0f955281a1d1"
      },
      "original": {
        "type": "tarball",
        "url": "https://git.lix.systems/lix-project/flake-compat/archive/main.tar.gz"
      }
    },
    "flake-parts": {
      "inputs": {
        "nixpkgs-lib": "nixpkgs-lib"
      },
      "locked": {
        "lastModified": 1788450739,
        "narHash": "sha256-glZLQlzIn1fXH6PazR2iUmTo7kzzyYSshrWhLS9TqCU=",
        "owner": "hercules-ci",
        "repo": "flake-parts",
        "rev": "31729ca8cbdb4fa927b34e5f4353e6a83f39e993",
        "type": "github"
      },
      "original": {
        "owner": "hercules-ci",
        "repo": "flake-parts",
        "type": "github"
      }
    },
    "flake-parts_2": {
      "inputs": {
        "nixpkgs-lib": "nixpkgs-lib_2"
      },
      "locked": {
        "lastModified": 1788450739,
        "narHash": "sha256-glZLQlzIn1fXH6PazR2iUmTo7kzzyYSshrWhLS9TqCU=",
        "owner": "hercules-ci",
        "repo": "flake-parts",
        "rev": "31729ca8cbdb4fa927b34e5f4353e6a83f39e993",
        "type": "github"
      },
      "original": {
        "owner": "hercules-ci",
        "repo": "flake-parts",
        "type": "github"
      }
    },
    "flake-parts_3": {
      "inputs": {
        "nixpkgs-lib": [
          "stylix",
          "nixpkgs"
        ]
      },
      "locked": {
        "lastModified": 1782949081,
        "narHash": "sha256-vp6Y/Grm98ESt6ceOkWiHWyZRDV3J1RID4w+6NWK9yA=",
        "owner": "hercules-ci",
        "repo": "flake-parts",
        "rev": "17c9d6cdfc60c64f4ee8d306f9bc0b4ccb51481e",
        "type": "github"
      },
      "original": {
        "owner": "hercules-ci",
        "repo": "flake-parts",
        "type": "github"
      }
    },
    "flake-parts_4": {
      "inputs": {
        "nixpkgs-lib": "nixpkgs-lib_4"
      },
      "locked": {
        "lastModified": 1754487366,
        "narHash": "sha256-pHYj8gUBapuUzKV/kN/tR3Zvqc7o6gdFB9XKXIp1SQ8=",
        "owner": "hercules-ci",
        "repo": "flake-parts",
        "rev": "af66ad14b28a127c5c0f3bbb298218fc63528a18",
        "type": "github"
      },
      "original": {
        "owner": "hercules-ci",
        "repo": "flake-parts",
        "type": "github"
      }
    },
    "flake-utils": {
      "inputs": {
        "systems": "systems_4"
      },
      "locked": {
        "lastModified": 1731533236,
        "narHash": "sha256-l0KFg5HjrsfsO/JpG+r7fRrqm12kzFHyUHqHCVpMMbI=",
        "owner": "numtide",
        "repo": "flake-utils",
        "rev": "11707dc2f618dd54ca8739b309ec4fc024de578b",
        "type": "github"
      },
      "original": {
        "owner": "numtide",
        "repo": "flake-utils",
        "type": "github"
      }
    },
    "fromYaml": {
      "flake": false,
      "locked": {
        "lastModified": 1731966426,
        "narHash": "sha256-lq95WydhbUTWig/JpqiB7oViTcHFP8Lv41IGtayokA8=",
        "owner": "SenchoPens",
        "repo": "fromYaml",
        "rev": "106af9e2f715e2d828df706c386a685698f3223b",
        "type": "github"
      },
      "original": {
        "owner": "SenchoPens",
        "repo": "fromYaml",
        "type": "github"
      }
    },
    "gnome-shell": {
      "flake": false,
      "locked": {
        "host": "gitlab.gnome.org",
        "lastModified": 1776175984,
        "narHash": "sha256-RJFlFW8GiMei6oqUGrMkGEvVqOH8U7Q8abc1yK4VKD8=",
        "owner": "GNOME",
        "repo": "gnome-shell",
        "rev": "e0fdc4c13250e9a9b8ea9594c83925274f4a5dca",
        "type": "gitlab"
      },
      "original": {
        "host": "gitlab.gnome.org",
        "owner": "GNOME",
        "ref": "50.1",
        "repo": "gnome-shell",
        "type": "gitlab"
      }
    },
    "gomod2nix": {
      "inputs": {
        "flake-utils": "flake-utils",
        "nixpkgs": [
          "tangled",
          "nixpkgs"
        ]
      },
      "locked": {
        "lastModified": 1763982521,
        "narHash": "sha256-ur4QIAHwgFc0vXiaxn5No/FuZicxBr2p0gmT54xZkUQ=",
        "owner": "nix-community",
        "repo": "gomod2nix",
        "rev": "02e63a239d6eabd595db56852535992c898eba72",
        "type": "github"
      },
      "original": {
        "owner": "nix-community",
        "repo": "gomod2nix",
        "type": "github"
      }
    },
    "gwfox": {
      "flake": false,
      "locked": {
        "lastModified": 1789917407,
        "narHash": "sha256-daFPeNb1gk/XP/d2RSF9P1NQ884xkNLzvAOrgiiNPaw=",
        "owner": "akkva",
        "repo": "gwfox",
        "rev": "faf41b0eb151eea7521635dc27b005551ab1e303",
        "type": "github"
      },
      "original": {
        "owner": "akkva",
        "ref": "v156.0.2",
        "repo": "gwfox",
        "type": "github"
      }
    },
    "hls-src": {
      "flake": false,
      "locked": {
        "narHash": "sha256-mmxgaQRXXWzRG6/OlOn5efV+NmzhvmXTQaFbODqh0b8=",
        "type": "file",
        "url": "https://cdn.jsdelivr.net/npm/hls.js@1.5.13/dist/hls.min.js"
      },
      "original": {
        "type": "file",
        "url": "https://cdn.jsdelivr.net/npm/hls.js@1.5.13/dist/hls.min.js"
      }
    },
    "home-manager": {
      "inputs": {
        "nixpkgs": [
          "agenix",
          "nixpkgs"
        ]
      },
      "locked": {
        "lastModified": 1745494811,
        "narHash": "sha256-YZCh2o9Ua1n9uCvrvi5pRxtuVNml8X2a03qIFfRKpFs=",
        "owner": "nix-community",
        "repo": "home-manager",
        "rev": "abfad3d2958c9e6300a883bd443512c55dfeb1be",
        "type": "github"
      },
      "original": {
        "owner": "nix-community",
        "repo": "home-manager",
        "type": "github"
      }
    },
    "home-manager_2": {
      "inputs": {
        "nixpkgs": [
          "nixpkgs"
        ]
      },
      "locked": {
        "lastModified": 1790021793,
        "narHash": "sha256-wXAdaLBAjbQK/OfESV/i0pgolkz+Uo4SbBP/MbfGLHU=",
        "owner": "nix-community",
        "repo": "home-manager",
        "rev": "a3dfb887d40d134af29fa8e924ba85a3e3a99194",
        "type": "github"
      },
      "original": {
        "owner": "nix-community",
        "repo": "home-manager",
        "type": "github"
      }
    },
    "htmx-src": {
      "flake": false,
      "locked": {
        "narHash": "sha256-2D8I0L0u6qb57QpeVn88RrT0xatDwQwG/lWOTjuEFPc=",
        "type": "file",
        "url": "https://cdn.jsdelivr.net/npm/htmx.org@2.0.10/dist/htmx.min.js"
      },
      "original": {
        "type": "file",
        "url": "https://cdn.jsdelivr.net/npm/htmx.org@2.0.10/dist/htmx.min.js"
      }
    },
    "htmx-ws-src": {
      "flake": false,
      "locked": {
        "narHash": "sha256-woiluaeAoxH/CyDkpk6LYNWCzxH8PHgwgnrlBFGJxgk=",
        "type": "file",
        "url": "https://cdn.jsdelivr.net/npm/htmx-ext-ws@2.0.4"
      },
      "original": {
        "type": "file",
        "url": "https://cdn.jsdelivr.net/npm/htmx-ext-ws@2.0.4"
      }
    },
    "ibm-plex-mono-src": {
      "flake": false,
      "locked": {
        "lastModified": 1731402378,
        "narHash": "sha256-OwUmrPfEehLDz0fl2ChYLK8FQM2p0G1+EMrGsYEq+6g=",
        "type": "tarball",
        "url": "https://github.com/IBM/plex/releases/download/@ibm/plex-mono@1.1.0/ibm-plex-mono.zip"
      },
      "original": {
        "type": "tarball",
        "url": "https://github.com/IBM/plex/releases/download/@ibm/plex-mono@1.1.0/ibm-plex-mono.zip"
      }
    },
    "import-tree": {
      "locked": {
        "lastModified": 1788467110,
        "narHash": "sha256-ljEMTXP/rH0tOvDzc9gzwww6KcHRPRnEHzd9lK48V7s=",
        "owner": "vic",
        "repo": "import-tree",
        "rev": "eb1b52eaecc57f7c136d07ae8a93e724dfecac46",
        "type": "github"
      },
      "original": {
        "owner": "vic",
        "repo": "import-tree",
        "type": "github"
      }
    },
    "indigo": {
      "flake": false,
      "locked": {
        "lastModified": 1753693716,
        "narHash": "sha256-DMIKnCJRODQXEHUxA+7mLzRALmnZhkkbHlFT2rCQYrE=",
        "owner": "oppiliappan",
        "repo": "indigo",
        "rev": "5f170569da9360f57add450a278d73538092d8ca",
        "type": "github"
      },
      "original": {
        "owner": "oppiliappan",
        "repo": "indigo",
        "type": "github"
      }
    },
    "inter-fonts-src": {
      "flake": false,
      "locked": {
        "lastModified": 1731687360,
        "narHash": "sha256-5vdKKvHAeZi6igrfpbOdhZlDX2/5+UvzlnCQV6DdqoQ=",
        "type": "tarball",
        "url": "https://github.com/rsms/inter/releases/download/v4.1/Inter-4.1.zip"
      },
      "original": {
        "type": "tarball",
        "url": "https://github.com/rsms/inter/releases/download/v4.1/Inter-4.1.zip"
      }
    },
    "llm-pkgs": {
      "inputs": {
        "nixpkgs": [
          "nixpkgs"
        ],
        "treefmt-nix": "treefmt-nix"
      },
      "locked": {
        "lastModified": 1785040635,
        "narHash": "sha256-JnjPSRRDbf21FpV/4o01+0JH0dnnEoUyhHWduX1Jbzk=",
        "ref": "refs/heads/main",
        "rev": "169ecdb22d785d5389645e186848237fc7a8190a",
        "revCount": 9,
        "type": "git",
        "url": "https://codeberg.org/anish/llm-pkgs"
      },
      "original": {
        "type": "git",
        "url": "https://codeberg.org/anish/llm-pkgs"
      }
    },
    "lucide-src": {
      "flake": false,
      "locked": {
        "lastModified": 1754044466,
        "narHash": "sha256-+exBR2OToB1iv7ZQI2S4B0lXA/QRvC9n6U99UxGpJGs=",
        "type": "tarball",
        "url": "https://github.com/lucide-icons/lucide/releases/download/0.536.0/lucide-icons-0.536.0.zip"
      },
      "original": {
        "type": "tarball",
        "url": "https://github.com/lucide-icons/lucide/releases/download/0.536.0/lucide-icons-0.536.0.zip"
      }
    },
    "mathjax-src": {
      "flake": false,
      "locked": {
        "narHash": "sha256-eqg25bKfiDzynRMR2RfeWNfo0EefHF/eRRFafl9RnNI=",
        "type": "file",
        "url": "https://cdn.jsdelivr.net/npm/mathjax@4.1.2/tex-svg.js"
      },
      "original": {
        "type": "file",
        "url": "https://cdn.jsdelivr.net/npm/mathjax@4.1.2/tex-svg.js"
      }
    },
    "mediatek-mt7927-dkms": {
      "flake": false,
      "locked": {
        "lastModified": 1789666901,
        "narHash": "sha256-apygKvayW+3TljjRTrGxriDcMju7njCdQHH3pRgHESo=",
        "owner": "jetm",
        "repo": "mediatek-mt7927-dkms",
        "rev": "c1c3d78dc3922a6e7c794300ae5f45ced687c05b",
        "type": "github"
      },
      "original": {
        "owner": "jetm",
        "repo": "mediatek-mt7927-dkms",
        "type": "github"
      }
    },
    "mermaid-src": {
      "flake": false,
      "locked": {
        "narHash": "sha256-/YOdECG2V5c3kJ1QfGvhziTT6K/Dx/4mOk2mr3Fs/do=",
        "type": "file",
        "url": "https://cdn.jsdelivr.net/npm/mermaid@11.12.3/dist/mermaid.min.js"
      },
      "original": {
        "type": "file",
        "url": "https://cdn.jsdelivr.net/npm/mermaid@11.12.3/dist/mermaid.min.js"
      }
    },
    "microvm": {
      "inputs": {
        "nixpkgs": [
          "tangled",
          "nixpkgs"
        ],
        "spectrum": "spectrum"
      },
      "locked": {
        "lastModified": 1779970379,
        "narHash": "sha256-ZHsxoYXXnfJtMVh1/yY+1Eh9hHcPBhE28Qvinauh+BQ=",
        "owner": "microvm-nix",
        "repo": "microvm.nix",
        "rev": "0d49083ba2d7419b22908ac392777c16df9a032e",
        "type": "github"
      },
      "original": {
        "owner": "microvm-nix",
        "repo": "microvm.nix",
        "type": "github"
      }
    },
    "moonlight": {
      "inputs": {
        "flake-compat": "flake-compat",
        "nixpkgs": [
          "nixpkgs"
        ]
      },
      "locked": {
        "lastModified": 1790035625,
        "narHash": "sha256-H3HnHYgX4oaZMDt54nEcFsmk43Jrj+frE0FrMi2GJ6M=",
        "owner": "moonlight-mod",
        "repo": "moonlight",
        "rev": "8dbf49f05d0ed1ce24cd253a2952dc960705f075",
        "type": "github"
      },
      "original": {
        "owner": "moonlight-mod",
        "repo": "moonlight",
        "type": "github"
      }
    },
    "moonshine": {
      "inputs": {
        "nixpkgs": [
          "nixpkgs"
        ]
      },
      "locked": {
        "lastModified": 1785274440,
        "narHash": "sha256-wVJ5FF29Hb8VXTJPk6s4LCz7dfVltq701H0Co7RvD1k=",
        "owner": "hgaiser",
        "repo": "moonshine",
        "rev": "e1c2440e2b360f1299e181f1db790fb2b6859b34",
        "type": "github"
      },
      "original": {
        "owner": "hgaiser",
        "ref": "v0.14.1",
        "repo": "moonshine",
        "type": "github"
      }
    },
    "mt7927": {
      "inputs": {
        "mediatek-mt7927-dkms": "mediatek-mt7927-dkms",
        "nixpkgs": [
          "nixpkgs"
        ]
      },
      "locked": {
        "lastModified": 1790009517,
        "narHash": "sha256-4hCUrCKJbspV2lCCU0GlH1sl6fw+MROAkz3agP5z/eE=",
        "owner": "cmspam",
        "repo": "mt7927-nixos",
        "rev": "ffd1e8eb137779a15b2d0adee1e7bb071ac29932",
        "type": "github"
      },
      "original": {
        "owner": "cmspam",
        "repo": "mt7927-nixos",
        "type": "github"
      }
    },
    "ncro": {
      "inputs": {
        "nixpkgs": [
          "nixpkgs"
        ]
      },
      "locked": {
        "lastModified": 1790039094,
        "narHash": "sha256-o5qPU/QPxcAmeVwFydXqEkn1HI6TbPgkHpecXyme6Bs=",
        "owner": "feel-co",
        "repo": "ncro",
        "rev": "bb4fb8329e30dc294b2298618ba96379860dfd4d",
        "type": "github"
      },
      "original": {
        "owner": "feel-co",
        "repo": "ncro",
        "type": "github"
      }
    },
    "nix-cachyos-kernel": {
      "inputs": {
        "flake-compat": "flake-compat_2",
        "flake-parts": "flake-parts_2",
        "nixpkgs": "nixpkgs"
      },
      "locked": {
        "lastModified": 1789241994,
        "narHash": "sha256-kY+k8kGBd8w4kxrw8IPzQGpnYZQV4mik2ZNHtGN0eHI=",
        "owner": "xddxdd",
        "repo": "nix-cachyos-kernel",
        "rev": "444d135dde71c1de547cf7bfd73e67145e67aebb",
        "type": "github"
      },
      "original": {
        "owner": "xddxdd",
        "ref": "release",
        "repo": "nix-cachyos-kernel",
        "type": "github"
      }
    },
    "nix-darwin": {
      "inputs": {
        "nixpkgs": [
          "nixpkgs"
        ]
      },
      "locked": {
        "lastModified": 1786845137,
        "narHash": "sha256-oQFip+v0luP8NIxJzmiW4Wu8bILsbFWom5l0zonl8hQ=",
        "owner": "nix-darwin",
        "repo": "nix-darwin",
        "rev": "4cff07de74b50e64bdd68cd4e722ab5b6b35ee48",
        "type": "github"
      },
      "original": {
        "owner": "nix-darwin",
        "repo": "nix-darwin",
        "type": "github"
      }
    },
    "nix-flatpak": {
      "locked": {
        "lastModified": 1789496567,
        "narHash": "sha256-f9ze1ph2u0lk/Hm7/w/OvC0ESL1z0LbQ5UDgcOwQzLM=",
        "owner": "gmodena",
        "repo": "nix-flatpak",
        "rev": "07e8980c2fe421c93c0749f6246db34422827f67",
        "type": "github"
      },
      "original": {
        "owner": "gmodena",
        "repo": "nix-flatpak",
        "type": "github"
      }
    },
    "nix-index-database": {
      "inputs": {
        "nixpkgs": [
          "nixpkgs"
        ]
      },
      "locked": {
        "lastModified": 1789892076,
        "narHash": "sha256-Dkg4VKPmDPqTwaiw2WH5br73tXoL1qrOO0xJnR4TlcA=",
        "owner": "nix-community",
        "repo": "nix-index-database",
        "rev": "9ad722673ab3b3f91f02135e53775825b240b869",
        "type": "github"
      },
      "original": {
        "owner": "nix-community",
        "repo": "nix-index-database",
        "type": "github"
      }
    },
    "nixpkgs": {
      "locked": {
        "lastModified": 1789181251,
        "narHash": "sha256-8yaO1XLoObzYgb6Uj+0IkUxbkCI6kBLuImoZAuAHzB4=",
        "owner": "NixOS",
        "repo": "nixpkgs",
        "rev": "f496248152e1ad8c61b59a6739cc499b447168e4",
        "type": "github"
      },
      "original": {
        "owner": "NixOS",
        "ref": "nixos-unstable-small",
        "repo": "nixpkgs",
        "type": "github"
      }
    },
    "nixpkgs-discord": {
      "locked": {
        "lastModified": 1786565100,
        "narHash": "sha256-EwKeK1kKzAVlyudZ80QeRWQnY/3CteolJpmeLuGak10=",
        "owner": "ap-1",
        "repo": "nixpkgs",
        "rev": "fac903b4e0c5ffb18dccbba7bb381f73482898b4",
        "type": "github"
      },
      "original": {
        "owner": "ap-1",
        "ref": "discord-canary-osx-0.0.1159",
        "repo": "nixpkgs",
        "type": "github"
      }
    },
    "nixpkgs-lib": {
      "locked": {
        "lastModified": 1788057806,
        "narHash": "sha256-DTQSMxzDWmT0zhguthvegnVkn7CFqGCv4IHCzk5ZUpM=",
        "owner": "nix-community",
        "repo": "nixpkgs.lib",
        "rev": "596e2e3940e09b2abbeb03f75fa1828c57fcd72c",
        "type": "github"
      },
      "original": {
        "owner": "nix-community",
        "repo": "nixpkgs.lib",
        "type": "github"
      }
    },
    "nixpkgs-lib_2": {
      "locked": {
        "lastModified": 1788057806,
        "narHash": "sha256-DTQSMxzDWmT0zhguthvegnVkn7CFqGCv4IHCzk5ZUpM=",
        "owner": "nix-community",
        "repo": "nixpkgs.lib",
        "rev": "596e2e3940e09b2abbeb03f75fa1828c57fcd72c",
        "type": "github"
      },
      "original": {
        "owner": "nix-community",
        "repo": "nixpkgs.lib",
        "type": "github"
      }
    },
    "nixpkgs-lib_3": {
      "locked": {
        "lastModified": 1788057806,
        "narHash": "sha256-DTQSMxzDWmT0zhguthvegnVkn7CFqGCv4IHCzk5ZUpM=",
        "owner": "nix-community",
        "repo": "nixpkgs.lib",
        "rev": "596e2e3940e09b2abbeb03f75fa1828c57fcd72c",
        "type": "github"
      },
      "original": {
        "owner": "nix-community",
        "repo": "nixpkgs.lib",
        "type": "github"
      }
    },
    "nixpkgs-lib_4": {
      "locked": {
        "lastModified": 1753579242,
        "narHash": "sha256-zvaMGVn14/Zz8hnp4VWT9xVnhc8vuL3TStRqwk22biA=",
        "owner": "nix-community",
        "repo": "nixpkgs.lib",
        "rev": "0f36c44e01a6129be94e3ade315a5883f0228a6e",
        "type": "github"
      },
      "original": {
        "owner": "nix-community",
        "repo": "nixpkgs.lib",
        "type": "github"
      }
    },
    "nixpkgs-sunshine": {
      "locked": {
        "lastModified": 1789838751,
        "narHash": "sha256-U6/6w8iAcRwGP8G9JGOcmBgRs0schyg8ylkkP8ECsk4=",
        "owner": "ap-1",
        "repo": "nixpkgs",
        "rev": "606402b8907604da1233237bc30401f636067faa",
        "type": "github"
      },
      "original": {
        "owner": "ap-1",
        "ref": "sunshine-update-2026.619",
        "repo": "nixpkgs",
        "type": "github"
      }
    },
    "nixpkgs_2": {
      "locked": {
        "lastModified": 1789921291,
        "narHash": "sha256-Ft/BRnIqw1MywFoXydKobjjWmDFgDdYtSpJliE8+yUw=",
        "owner": "NixOS",
        "repo": "nixpkgs",
        "rev": "44a91898084f46797b5fac650c7e8c9ac38c43d4",
        "type": "github"
      },
      "original": {
        "owner": "NixOS",
        "ref": "nixos-unstable",
        "repo": "nixpkgs",
        "type": "github"
      }
    },
    "nixpkgs_3": {
      "locked": {
        "lastModified": 1754340878,
        "narHash": "sha256-lgmUyVQL9tSnvvIvBp7x1euhkkCho7n3TMzgjdvgPoU=",
        "owner": "nixos",
        "repo": "nixpkgs",
        "rev": "cab778239e705082fe97bb4990e0d24c50924c04",
        "type": "github"
      },
      "original": {
        "owner": "nixos",
        "ref": "nixpkgs-unstable",
        "repo": "nixpkgs",
        "type": "github"
      }
    },
    "nur": {
      "inputs": {
        "flake-parts": [
          "stylix",
          "flake-parts"
        ],
        "nixpkgs": [
          "stylix",
          "nixpkgs"
        ]
      },
      "locked": {
        "lastModified": 1785549842,
        "narHash": "sha256-DCwBZmGsySF7oKGTRgEv2HvpxVXkHT+38VhTM76k0B4=",
        "owner": "nix-community",
        "repo": "NUR",
        "rev": "a9f987b57594e845e3e5cdd423b9a70846d70308",
        "type": "github"
      },
      "original": {
        "owner": "nix-community",
        "repo": "NUR",
        "type": "github"
      }
    },
    "omp-nix": {
      "inputs": {
        "nixpkgs": [
          "nixpkgs"
        ]
      },
      "locked": {
        "lastModified": 1790013903,
        "narHash": "sha256-3y+VEHpV6kt4LmQjqQQ56jmIukeymi88S+0DyWPYevM=",
        "ref": "refs/heads/main",
        "rev": "ef8e08a23837c8d56fe9b2fce2c5b56507592ea0",
        "revCount": 529,
        "type": "git",
        "url": "https://git.molez.org/mandlm/omp-nix"
      },
      "original": {
        "type": "git",
        "url": "https://git.molez.org/mandlm/omp-nix"
      }
    },
    "openwhispr": {
      "inputs": {
        "nixpkgs": [
          "nixpkgs"
        ]
      },
      "locked": {
        "lastModified": 1790034253,
        "narHash": "sha256-JTDeVjR3rgaFs49cDvRUkyLqtc+pOFFKAPqZ/ngCbIQ=",
        "owner": "OpenWhispr",
        "repo": "openwhispr",
        "rev": "ea122650006f13b4438ffeb382ebecc53493765e",
        "type": "github"
      },
      "original": {
        "owner": "OpenWhispr",
        "repo": "openwhispr",
        "type": "github"
      }
    },
    "parts": {
      "inputs": {
        "nixpkgs-lib": "nixpkgs-lib_3"
      },
      "locked": {
        "lastModified": 1788450739,
        "narHash": "sha256-glZLQlzIn1fXH6PazR2iUmTo7kzzyYSshrWhLS9TqCU=",
        "owner": "hercules-ci",
        "repo": "flake-parts",
        "rev": "31729ca8cbdb4fa927b34e5f4353e6a83f39e993",
        "type": "github"
      },
      "original": {
        "owner": "hercules-ci",
        "repo": "flake-parts",
        "type": "github"
      }
    },
    "preservation": {
      "locked": {
        "lastModified": 1757436102,
        "narHash": "sha256-mMI9IanU+Xw+pVogD2oT0I2kTmvz2Un/Apc5+CwUpEY=",
        "owner": "nix-community",
        "repo": "preservation",
        "rev": "93416f4614ad2dfed5b0dcf12f27e57d27a5ab11",
        "type": "github"
      },
      "original": {
        "owner": "nix-community",
        "repo": "preservation",
        "type": "github"
      }
    },
    "root": {
      "inputs": {
        "agenix": "agenix",
        "catppuccin": "catppuccin",
        "disko": "disko",
        "firefox-addons": "firefox-addons",
        "flake-parts": "flake-parts",
        "gwfox": "gwfox",
        "home-manager": "home-manager_2",
        "import-tree": "import-tree",
        "llm-pkgs": "llm-pkgs",
        "moonlight": "moonlight",
        "moonshine": "moonshine",
        "mt7927": "mt7927",
        "ncro": "ncro",
        "nix-cachyos-kernel": "nix-cachyos-kernel",
        "nix-darwin": "nix-darwin",
        "nix-flatpak": "nix-flatpak",
        "nix-index-database": "nix-index-database",
        "nixpkgs": "nixpkgs_2",
        "nixpkgs-discord": "nixpkgs-discord",
        "nixpkgs-sunshine": "nixpkgs-sunshine",
        "omp-nix": "omp-nix",
        "openwhispr": "openwhispr",
        "preservation": "preservation",
        "spicetify-nix": "spicetify-nix",
        "srvos": "srvos",
        "stylix": "stylix",
        "tangled": "tangled",
        "tobi": "tobi",
        "treefmt-nix": "treefmt-nix_2",
        "xdg-termfilepickers": "xdg-termfilepickers"
      }
    },
    "rust-analyzer-src": {
      "flake": false,
      "locked": {
        "lastModified": 1780337665,
        "narHash": "sha256-RS3F+/6dtBIwd5+47GVen3jAk62/KumFZ4q3RVYafDk=",
        "owner": "rust-lang",
        "repo": "rust-analyzer",
        "rev": "55af1774e9e840d3b28d12fcfaa72d2e2caa8ac9",
        "type": "github"
      },
      "original": {
        "owner": "rust-lang",
        "ref": "nightly",
        "repo": "rust-analyzer",
        "type": "github"
      }
    },
    "spectrum": {
      "flake": false,
      "locked": {
        "lastModified": 1778940603,
        "narHash": "sha256-voSM8dZNlaOWN3kbYFky+FNY6fFQOEw0xF+ZMpZKkCQ=",
        "ref": "refs/heads/main",
        "rev": "367dd227f539267eae2b62770b4c17b88ac8c1f1",
        "revCount": 1265,
        "type": "git",
        "url": "https://spectrum-os.org/git/spectrum"
      },
      "original": {
        "type": "git",
        "url": "https://spectrum-os.org/git/spectrum"
      }
    },
    "spicetify-nix": {
      "inputs": {
        "nixpkgs": [
          "nixpkgs"
        ],
        "systems": "systems_2"
      },
      "locked": {
        "lastModified": 1790025920,
        "narHash": "sha256-SmeXQetF/hQbhz0qVv3qv7QxvfKhhrJ+tgYQLYkFJZk=",
        "owner": "Gerg-L",
        "repo": "spicetify-nix",
        "rev": "e96330757db4c93b10c31b85feb23ffa693f7b2d",
        "type": "github"
      },
      "original": {
        "owner": "Gerg-L",
        "repo": "spicetify-nix",
        "type": "github"
      }
    },
    "sqlite-lib-src": {
      "flake": false,
      "locked": {
        "lastModified": 1706631843,
        "narHash": "sha256-bJoMjirsBjm2Qk9KPiy3yV3+8b/POlYe76/FQbciHro=",
        "type": "tarball",
        "url": "https://sqlite.org/2024/sqlite-amalgamation-3450100.zip"
      },
      "original": {
        "type": "tarball",
        "url": "https://sqlite.org/2024/sqlite-amalgamation-3450100.zip"
      }
    },
    "srvos": {
      "inputs": {
        "nixpkgs": [
          "nixpkgs"
        ]
      },
      "locked": {
        "lastModified": 1789957861,
        "narHash": "sha256-neJHXwaGQIxW0nTDL1RHjyH7JHwGb+kTuldkUkeJ6aM=",
        "owner": "nix-community",
        "repo": "srvos",
        "rev": "a79742b4982e42a12a86dc9f6b9e8c65e19bf802",
        "type": "github"
      },
      "original": {
        "owner": "nix-community",
        "repo": "srvos",
        "type": "github"
      }
    },
    "stylix": {
      "inputs": {
        "base16": "base16",
        "base16-fish": "base16-fish",
        "base16-helix": "base16-helix",
        "base16-vim": "base16-vim",
        "firefox-gnome-theme": "firefox-gnome-theme",
        "flake-parts": "flake-parts_3",
        "gnome-shell": "gnome-shell",
        "nixpkgs": [
          "nixpkgs"
        ],
        "nur": "nur",
        "systems": "systems_3",
        "tinted-kitty": "tinted-kitty",
        "tinted-schemes": "tinted-schemes",
        "tinted-tmux": "tinted-tmux",
        "tinted-zed": "tinted-zed"
      },
      "locked": {
        "lastModified": 1789937675,
        "narHash": "sha256-/F9gQpAlPCxheQ9ht/5Fka2JEr/FfuOh9R7ySa9SAGc=",
        "owner": "nix-community",
        "repo": "stylix",
        "rev": "abff36bfab11cbdcd0723f41c1b0921e211be6ac",
        "type": "github"
      },
      "original": {
        "owner": "nix-community",
        "repo": "stylix",
        "type": "github"
      }
    },
    "systems": {
      "locked": {
        "lastModified": 1681028828,
        "narHash": "sha256-Vy1rq5AaRuLzOxct8nz4T6wlgyUR7zLU309k9mBC768=",
        "owner": "nix-systems",
        "repo": "default",
        "rev": "da67096a3b9bf56a91d16901293e51ba5b49a27e",
        "type": "github"
      },
      "original": {
        "owner": "nix-systems",
        "repo": "default",
        "type": "github"
      }
    },
    "systems_2": {
      "locked": {
        "lastModified": 1681028828,
        "narHash": "sha256-Vy1rq5AaRuLzOxct8nz4T6wlgyUR7zLU309k9mBC768=",
        "owner": "nix-systems",
        "repo": "default",
        "rev": "da67096a3b9bf56a91d16901293e51ba5b49a27e",
        "type": "github"
      },
      "original": {
        "owner": "nix-systems",
        "repo": "default",
        "type": "github"
      }
    },
    "systems_3": {
      "locked": {
        "lastModified": 1774449309,
        "narHash": "sha256-brhZ8DmuGtzkCYHJg4HEd602amKm89Y9ytsFZ5uWD1w=",
        "owner": "nix-systems",
        "repo": "default",
        "rev": "c29398b59d2048c4ab79345812849c9bd15e9150",
        "type": "github"
      },
      "original": {
        "owner": "nix-systems",
        "ref": "future-26.11",
        "repo": "default",
        "type": "github"
      }
    },
    "systems_4": {
      "locked": {
        "lastModified": 1681028828,
        "narHash": "sha256-Vy1rq5AaRuLzOxct8nz4T6wlgyUR7zLU309k9mBC768=",
        "owner": "nix-systems",
        "repo": "default",
        "rev": "da67096a3b9bf56a91d16901293e51ba5b49a27e",
        "type": "github"
      },
      "original": {
        "owner": "nix-systems",
        "repo": "default",
        "type": "github"
      }
    },
    "tailwindcss-animated-src": {
      "flake": false,
      "locked": {
        "lastModified": 499162500,
        "narHash": "sha256-l3esIcsAwj0PHOhnHBLWiLzzRiOo1yOk9VYEGpn6fyQ=",
        "type": "tarball",
        "url": "https://registry.npmjs.org/tailwindcss-animated/-/tailwindcss-animated-1.1.2.tgz"
      },
      "original": {
        "type": "tarball",
        "url": "https://registry.npmjs.org/tailwindcss-animated/-/tailwindcss-animated-1.1.2.tgz"
      }
    },
    "tangled": {
      "inputs": {
        "actor-typeahead-src": "actor-typeahead-src",
        "fenix": "fenix",
        "fetch-tangled": "fetch-tangled",
        "flake-compat": "flake-compat_3",
        "gomod2nix": "gomod2nix",
        "hls-src": "hls-src",
        "htmx-src": "htmx-src",
        "htmx-ws-src": "htmx-ws-src",
        "ibm-plex-mono-src": "ibm-plex-mono-src",
        "indigo": "indigo",
        "inter-fonts-src": "inter-fonts-src",
        "lucide-src": "lucide-src",
        "mathjax-src": "mathjax-src",
        "mermaid-src": "mermaid-src",
        "microvm": "microvm",
        "nixpkgs": [
          "nixpkgs"
        ],
        "sqlite-lib-src": "sqlite-lib-src",
        "tailwindcss-animated-src": "tailwindcss-animated-src"
      },
      "locked": {
        "lastModified": 1789731405,
        "narHash": "sha256-coBPFy5y841710mAEZJ2hXetSq7nEJoyGNH+vVVxloU=",
        "ref": "refs/heads/master",
        "rev": "7fcec78848bfd98f3f6a05411efaca1958da0e8f",
        "revCount": 3226,
        "type": "git",
        "url": "https://tangled.org/tangled.org/core"
      },
      "original": {
        "type": "git",
        "url": "https://tangled.org/tangled.org/core"
      }
    },
    "tinted-kitty": {
      "flake": false,
      "locked": {
        "lastModified": 1735730497,
        "narHash": "sha256-4KtB+FiUzIeK/4aHCKce3V9HwRvYaxX+F1edUrfgzb8=",
        "owner": "tinted-theming",
        "repo": "tinted-kitty",
        "rev": "de6f888497f2c6b2279361bfc790f164bfd0f3fa",
        "type": "github"
      },
      "original": {
        "owner": "tinted-theming",
        "repo": "tinted-kitty",
        "type": "github"
      }
    },
    "tinted-schemes": {
      "flake": false,
      "locked": {
        "lastModified": 1785153830,
        "narHash": "sha256-fNdfCTeCXU3tZG3TMincd+u68qBHQgCr2Ljr/M1mWP0=",
        "owner": "tinted-theming",
        "repo": "schemes",
        "rev": "9bd28ed313560db3c5b605c63bc4e309e78e3fc8",
        "type": "github"
      },
      "original": {
        "owner": "tinted-theming",
        "repo": "schemes",
        "type": "github"
      }
    },
    "tinted-tmux": {
      "flake": false,
      "locked": {
        "lastModified": 1785031658,
        "narHash": "sha256-mZp9O2LjzdMzlqQF3l3fjqsuPBzXy+1qTfBEUGjTlpk=",
        "owner": "tinted-theming",
        "repo": "tinted-tmux",
        "rev": "5d2c67f61ea7af36f16865ab6d541cdba41dc257",
        "type": "github"
      },
      "original": {
        "owner": "tinted-theming",
        "repo": "tinted-tmux",
        "type": "github"
      }
    },
    "tinted-zed": {
      "flake": false,
      "locked": {
        "lastModified": 1785030526,
        "narHash": "sha256-klZf8UviewRkxuu74Bhbq6tqy7oxebQC7UVRWbbtQxU=",
        "owner": "tinted-theming",
        "repo": "base16-zed",
        "rev": "16f5a8adf4a6b1310d0a61ab172de963e8f76a02",
        "type": "github"
      },
      "original": {
        "owner": "tinted-theming",
        "repo": "base16-zed",
        "type": "github"
      }
    },
    "tobi": {
      "inputs": {
        "nixpkgs": [
          "nixpkgs"
        ],
        "parts": "parts"
      },
      "locked": {
        "lastModified": 1789988299,
        "narHash": "sha256-XBF/KZbbzY4V3bqCJZzuYllMXxs96cRZVW9e5hP2TBc=",
        "ref": "refs/heads/main",
        "rev": "da90f13b0e73a19f07cba370183741c54a6c44b4",
        "revCount": 89,
        "type": "git",
        "url": "https://tangled.org/ptr.pet/tobi"
      },
      "original": {
        "type": "git",
        "url": "https://tangled.org/ptr.pet/tobi"
      }
    },
    "treefmt-nix": {
      "inputs": {
        "nixpkgs": [
          "llm-pkgs",
          "nixpkgs"
        ]
      },
      "locked": {
        "lastModified": 1780220602,
        "narHash": "sha256-eynAfOmbmxJnkp7YewvCEbShNnnYJ9gLLqkzsYtBPeM=",
        "owner": "numtide",
        "repo": "treefmt-nix",
        "rev": "db947814a175b7ca6ded66e21383d938df01c227",
        "type": "github"
      },
      "original": {
        "owner": "numtide",
        "repo": "treefmt-nix",
        "type": "github"
      }
    },
    "treefmt-nix_2": {
      "inputs": {
        "nixpkgs": [
          "nixpkgs"
        ]
      },
      "locked": {
        "lastModified": 1786901030,
        "narHash": "sha256-WSFCsDSE5ffgD2MqzkM2CYjeFiKhRF/dJUN8uedb6YE=",
        "owner": "numtide",
        "repo": "treefmt-nix",
        "rev": "27b3b12a8e6375f28ebe122f07d230ca5459bbfa",
        "type": "github"
      },
      "original": {
        "owner": "numtide",
        "repo": "treefmt-nix",
        "type": "github"
      }
    },
    "treefmt-nix_3": {
      "inputs": {
        "nixpkgs": "nixpkgs_3"
      },
      "locked": {
        "lastModified": 1755934250,
        "narHash": "sha256-CsDojnMgYsfshQw3t4zjRUkmMmUdZGthl16bXVWgRYU=",
        "owner": "numtide",
        "repo": "treefmt-nix",
        "rev": "74e1a52d5bd9430312f8d1b8b0354c92c17453e5",
        "type": "github"
      },
      "original": {
        "owner": "numtide",
        "repo": "treefmt-nix",
        "type": "github"
      }
    },
    "xdg-termfilepickers": {
      "inputs": {
        "flake-parts": "flake-parts_4",
        "nixpkgs": [
          "nixpkgs"
        ],
        "treefmt-nix": "treefmt-nix_3"
      },
      "locked": {
        "lastModified": 1780213266,
        "narHash": "sha256-0Ku4nVy61k7uFjsxo250DdBn4xftMRHIMIfJ609R/5s=",
        "owner": "Guekka",
        "repo": "xdg-desktop-portal-termfilepickers",
        "rev": "ad586ca83c9fdb204f641b2dd33a4f7940158aa8",
        "type": "github"
      },
      "original": {
        "owner": "Guekka",
        "repo": "xdg-desktop-portal-termfilepickers",
        "rev": "ad586ca83c9fdb204f641b2dd33a4f7940158aa8",
        "type": "github"
      }
    }
  },
  "root": "root",
  "version": 7
}
